
Microsoft Visual Studio Solution File, Format Version 12.00
# Visual Studio 15
VisualStudioVersion = 15.0.28307.271
MinimumVisualStudioVersion = 10.0.40219.1
Project("{FAE04EC0-301F-11D3-BF4B-00C04F79EFBC}") = "IlkMVCSayfam", "IlkMVCSayfam\IlkMVCSayfam.csproj", "{1C24820C-6FE7-4382-93ED-07E554BE67C2}"
EndProject
Project("{2150E333-8FDC-42A3-9474-1A3956D46DE8}") = "Ders1", "Ders1", "{FF3A5E03-E311-4ADD-9813-A59D4E6AFFAD}"
EndProject
Project("{2150E333-8FDC-42A3-9474-1A3956D46DE8}") = "Ders2", "Ders2", "{24D367DF-8480-42DD-B791-763E9F00573D}"
EndProject
Project("{FAE04EC0-301F-11D3-BF4B-00C04F79EFBC}") = "AjaxIslemleri", "AjaxIslemleri\AjaxIslemleri.csproj", "{74181317-485C-48D9-A8CC-7D70645645E3}"
EndProject
Project("{2150E333-8FDC-42A3-9474-1A3956D46DE8}") = "Ders3", "Ders3", "{8DDEA2D6-B09F-439E-A3BB-ECDE1AC5FE97}"
EndProject
Project("{2150E333-8FDC-42A3-9474-1A3956D46DE8}") = "Proje", "Proje", "{0B4966CB-36B1-41B7-816C-72174A508DF5}"
EndProject
Project("{2150E333-8FDC-42A3-9474-1A3956D46DE8}") = "Tema", "Tema", "{4759B630-CD1F-437B-8810-E2F42504E6F7}"
EndProject
Project("{FAE04EC0-301F-11D3-BF4B-00C04F79EFBC}") = "Admin.Tema", "Admin.Tema\Admin.Tema.csproj", "{BCB0E737-04C3-4D94-A0D6-22039F3C983E}"
EndProject
Project("{FAE04EC0-301F-11D3-BF4B-00C04F79EFBC}") = "Admin.Web.UI", "Admin.Web.UI\Admin.Web.UI.csproj", "{C804466D-26BA-4E77-9C43-5954643D249D}"
EndProject
Project("{FAE04EC0-301F-11D3-BF4B-00C04F79EFBC}") = "Admin.Models", "Admin.Models\Admin.Models.csproj", "{7E2E1C60-01E9-4589-B220-B675E32FAA8F}"
EndProject
Project("{FAE04EC0-301F-11D3-BF4B-00C04F79EFBC}") = "Admin.DAL", "Admin.DAL\Admin.DAL.csproj", "{C556649D-B5C4-4199-95A8-68470026A79B}"
EndProject
Project("{FAE04EC0-301F-11D3-BF4B-00C04F79EFBC}") = "Admin.BLL", "Admin.BLL\Admin.BLL.csproj", "{AAB8D282-FA49-44C7-893D-E8C9B15110DE}"
EndProject
Project("{2150E333-8FDC-42A3-9474-1A3956D46DE8}") = "Ders4", "Ders4", "{EE7E028D-6E3C-4D23-866C-22D3400A12C1}"
EndProject
Project("{FAE04EC0-301F-11D3-BF4B-00C04F79EFBC}") = "Kuzey.DAL", "Kuzey.DAL\Kuzey.DAL.csproj", "{A2C962DD-8FE6-4D29-8FFB-53B782283313}"
EndProject
Project("{FAE04EC0-301F-11D3-BF4B-00C04F79EFBC}") = "Kuzey.Models", "Kuzey.Models\Kuzey.Models.csproj", "{16229589-5874-49E5-8B26-2CE0DC5EDDB2}"
EndProject
Project("{FAE04EC0-301F-11D3-BF4B-00C04F79EFBC}") = "Kuzey.BLL", "Kuzey.BLL\Kuzey.BLL.csproj", "{2C15E1D9-5CDB-4708-A7F6-00E1319234E2}"
EndProject
Project("{FAE04EC0-301F-11D3-BF4B-00C04F79EFBC}") = "Kuzey.Web", "Kuzey.Web\Kuzey.Web.csproj", "{F7B5DC00-2F92-4CF2-9BD2-492D706D2DCF}"
EndProject
Project("{2150E333-8FDC-42A3-9474-1A3956D46DE8}") = "Ders5", "Ders5", "{4BE88A82-B516-4AAA-AC9B-49FE51D8D937}"
EndProject
Project("{FAE04EC0-301F-11D3-BF4B-00C04F79EFBC}") = "AreaKullanimi", "AreaKullanimi\AreaKullanimi.csproj", "{373BCFC3-6102-406C-A8F0-53E409F2C849}"
EndProject
Global
	GlobalSection(SolutionConfigurationPlatforms) = preSolution
		Debug|Any CPU = Debug|Any CPU
		Release|Any CPU = Release|Any CPU
	EndGlobalSection
	GlobalSection(ProjectConfigurationPlatforms) = postSolution
		{1C24820C-6FE7-4382-93ED-07E554BE67C2}.Debug|Any CPU.ActiveCfg = Debug|Any CPU
		{1C24820C-6FE7-4382-93ED-07E554BE67C2}.Debug|Any CPU.Build.0 = Debug|Any CPU
		{1C24820C-6FE7-4382-93ED-07E554BE67C2}.Release|Any CPU.ActiveCfg = Release|Any CPU
		{1C24820C-6FE7-4382-93ED-07E554BE67C2}.Release|Any CPU.Build.0 = Release|Any CPU
		{74181317-485C-48D9-A8CC-7D70645645E3}.Debug|Any CPU.ActiveCfg = Debug|Any CPU
		{74181317-485C-48D9-A8CC-7D70645645E3}.Debug|Any CPU.Build.0 = Debug|Any CPU
		{74181317-485C-48D9-A8CC-7D70645645E3}.Release|Any CPU.ActiveCfg = Release|Any CPU
		{74181317-485C-48D9-A8CC-7D70645645E3}.Release|Any CPU.Build.0 = Release|Any CPU
		{BCB0E737-04C3-4D94-A0D6-22039F3C983E}.Debug|Any CPU.ActiveCfg = Debug|Any CPU
		{BCB0E737-04C3-4D94-A0D6-22039F3C983E}.Debug|Any CPU.Build.0 = Debug|Any CPU
		{BCB0E737-04C3-4D94-A0D6-22039F3C983E}.Release|Any CPU.ActiveCfg = Release|Any CPU
		{BCB0E737-04C3-4D94-A0D6-22039F3C983E}.Release|Any CPU.Build.0 = Release|Any CPU
		{C804466D-26BA-4E77-9C43-5954643D249D}.Debug|Any CPU.ActiveCfg = Debug|Any CPU
		{C804466D-26BA-4E77-9C43-5954643D249D}.Debug|Any CPU.Build.0 = Debug|Any CPU
		{C804466D-26BA-4E77-9C43-5954643D249D}.Release|Any CPU.ActiveCfg = Release|Any CPU
		{C804466D-26BA-4E77-9C43-5954643D249D}.Release|Any CPU.Build.0 = Release|Any CPU
		{7E2E1C60-01E9-4589-B220-B675E32FAA8F}.Debug|Any CPU.ActiveCfg = Debug|Any CPU
		{7E2E1C60-01E9-4589-B220-B675E32FAA8F}.Debug|Any CPU.Build.0 = Debug|Any CPU
		{7E2E1C60-01E9-4589-B220-B675E32FAA8F}.Release|Any CPU.ActiveCfg = Release|Any CPU
		{7E2E1C60-01E9-4589-B220-B675E32FAA8F}.Release|Any CPU.Build.0 = Release|Any CPU
		{C556649D-B5C4-4199-95A8-68470026A79B}.Debug|Any CPU.ActiveCfg = Debug|Any CPU
		{C556649D-B5C4-4199-95A8-68470026A79B}.Debug|Any CPU.Build.0 = Debug|Any CPU
		{C556649D-B5C4-4199-95A8-68470026A79B}.Release|Any CPU.ActiveCfg = Release|Any CPU
		{C556649D-B5C4-4199-95A8-68470026A79B}.Release|Any CPU.Build.0 = Release|Any CPU
		{AAB8D282-FA49-44C7-893D-E8C9B15110DE}.Debug|Any CPU.ActiveCfg = Debug|Any CPU
		{AAB8D282-FA49-44C7-893D-E8C9B15110DE}.Debug|Any CPU.Build.0 = Debug|Any CPU
		{AAB8D282-FA49-44C7-893D-E8C9B15110DE}.Release|Any CPU.ActiveCfg = Release|Any CPU
		{AAB8D282-FA49-44C7-893D-E8C9B15110DE}.Release|Any CPU.Build.0 = Release|Any CPU
		{A2C962DD-8FE6-4D29-8FFB-53B782283313}.Debug|Any CPU.ActiveCfg = Debug|Any CPU
		{A2C962DD-8FE6-4D29-8FFB-53B782283313}.Debug|Any CPU.Build.0 = Debug|Any CPU
		{A2C962DD-8FE6-4D29-8FFB-53B782283313}.Release|Any CPU.ActiveCfg = Release|Any CPU
		{A2C962DD-8FE6-4D29-8FFB-53B782283313}.Release|Any CPU.Build.0 = Release|Any CPU
		{16229589-5874-49E5-8B26-2CE0DC5EDDB2}.Debug|Any CPU.ActiveCfg = Debug|Any CPU
		{16229589-5874-49E5-8B26-2CE0DC5EDDB2}.Debug|Any CPU.Build.0 = Debug|Any CPU
		{16229589-5874-49E5-8B26-2CE0DC5EDDB2}.Release|Any CPU.ActiveCfg = Release|Any CPU
		{16229589-5874-49E5-8B26-2CE0DC5EDDB2}.Release|Any CPU.Build.0 = Release|Any CPU
		{2C15E1D9-5CDB-4708-A7F6-00E1319234E2}.Debug|Any CPU.ActiveCfg = Debug|Any CPU
		{2C15E1D9-5CDB-4708-A7F6-00E1319234E2}.Debug|Any CPU.Build.0 = Debug|Any CPU
		{2C15E1D9-5CDB-4708-A7F6-00E1319234E2}.Release|Any CPU.ActiveCfg = Release|Any CPU
		{2C15E1D9-5CDB-4708-A7F6-00E1319234E2}.Release|Any CPU.Build.0 = Release|Any CPU
		{F7B5DC00-2F92-4CF2-9BD2-492D706D2DCF}.Debug|Any CPU.ActiveCfg = Debug|Any CPU
		{F7B5DC00-2F92-4CF2-9BD2-492D706D2DCF}.Debug|Any CPU.Build.0 = Debug|Any CPU
		{F7B5DC00-2F92-4CF2-9BD2-492D706D2DCF}.Release|Any CPU.ActiveCfg = Release|Any CPU
		{F7B5DC00-2F92-4CF2-9BD2-492D706D2DCF}.Release|Any CPU.Build.0 = Release|Any CPU
		{373BCFC3-6102-406C-A8F0-53E409F2C849}.Debug|Any CPU.ActiveCfg = Debug|Any CPU
		{373BCFC3-6102-406C-A8F0-53E409F2C849}.Debug|Any CPU.Build.0 = Debug|Any CPU
		{373BCFC3-6102-406C-A8F0-53E409F2C849}.Release|Any CPU.ActiveCfg = Release|Any CPU
		{373BCFC3-6102-406C-A8F0-53E409F2C849}.Release|Any CPU.Build.0 = Release|Any CPU
	EndGlobalSection
	GlobalSection(SolutionProperties) = preSolution
		HideSolutionNode = FALSE
	EndGlobalSection
	GlobalSection(NestedProjects) = preSolution
		{1C24820C-6FE7-4382-93ED-07E554BE67C2} = {FF3A5E03-E311-4ADD-9813-A59D4E6AFFAD}
		{74181317-485C-48D9-A8CC-7D70645645E3} = {24D367DF-8480-42DD-B791-763E9F00573D}
		{0B4966CB-36B1-41B7-816C-72174A508DF5} = {8DDEA2D6-B09F-439E-A3BB-ECDE1AC5FE97}
		{4759B630-CD1F-437B-8810-E2F42504E6F7} = {8DDEA2D6-B09F-439E-A3BB-ECDE1AC5FE97}
		{BCB0E737-04C3-4D94-A0D6-22039F3C983E} = {4759B630-CD1F-437B-8810-E2F42504E6F7}
		{C804466D-26BA-4E77-9C43-5954643D249D} = {0B4966CB-36B1-41B7-816C-72174A508DF5}
		{7E2E1C60-01E9-4589-B220-B675E32FAA8F} = {0B4966CB-36B1-41B7-816C-72174A508DF5}
		{C556649D-B5C4-4199-95A8-68470026A79B} = {0B4966CB-36B1-41B7-816C-72174A508DF5}
		{AAB8D282-FA49-44C7-893D-E8C9B15110DE} = {0B4966CB-36B1-41B7-816C-72174A508DF5}
		{A2C962DD-8FE6-4D29-8FFB-53B782283313} = {EE7E028D-6E3C-4D23-866C-22D3400A12C1}
		{16229589-5874-49E5-8B26-2CE0DC5EDDB2} = {EE7E028D-6E3C-4D23-866C-22D3400A12C1}
		{2C15E1D9-5CDB-4708-A7F6-00E1319234E2} = {EE7E028D-6E3C-4D23-866C-22D3400A12C1}
		{F7B5DC00-2F92-4CF2-9BD2-492D706D2DCF} = {EE7E028D-6E3C-4D23-866C-22D3400A12C1}
		{373BCFC3-6102-406C-A8F0-53E409F2C849} = {4BE88A82-B516-4AAA-AC9B-49FE51D8D937}
	EndGlobalSection
	GlobalSection(ExtensibilityGlobals) = postSolution
		SolutionGuid = {9EEE6736-11F2-4D76-8EAB-D560CAAF602E}
	EndGlobalSection
EndGlobal
